
Microsoft Visual Studio Solution File, Format Version 12.00
# Visual Studio Version 16
VisualStudioVersion = 16.0.32510.428
MinimumVisualStudioVersion = 10.0.40219.1
Project("{FAE04EC0-301F-11D3-BF4B-00C04F79EFBC}") = "Linq_5", "Linq_5.csproj", "{B784EAD9-74F6-410C-9864-DB167ADBEB9F}"
EndProject
Global
	GlobalSection(SolutionConfigurationPlatforms) = preSolution
		Debug|Any CPU = Debug|Any CPU
		Release|Any CPU = Release|Any CPU
	EndGlobalSection
	GlobalSection(ProjectConfigurationPlatforms) = postSolution
		{B784EAD9-74F6-410C-9864-DB167ADBEB9F}.Debug|Any CPU.ActiveCfg = Debug|Any CPU
		{B784EAD9-74F6-410C-9864-DB167ADBEB9F}.Debug|Any CPU.Build.0 = Debug|Any CPU
		{B784EAD9-74F6-410C-9864-DB167ADBEB9F}.Release|Any CPU.ActiveCfg = Release|Any CPU
		{B784EAD9-74F6-410C-9864-DB167ADBEB9F}.Release|Any CPU.Build.0 = Release|Any CPU
	EndGlobalSection
	GlobalSection(SolutionProperties) = preSolution
		HideSolutionNode = FALSE
	EndGlobalSection
	GlobalSection(ExtensibilityGlobals) = postSolution
		SolutionGuid = {B71E32E9-CA6D-42AC-B277-AAF08BABED37}
	EndGlobalSection
EndGlobal
